
Microsoft Visual Studio Solution File, Format Version 12.00
# Visual Studio 15
VisualStudioVersion = 15.0.27428.2015
MinimumVisualStudioVersion = 10.0.40219.1
Project("{FAE04EC0-301F-11D3-BF4B-00C04F79EFBC}") = "MUGEN Engine", "MUGEN Engine\MUGEN Engine.csproj", "{E76E3A9B-32DA-4CF4-806B-2CE41CEB6B94}"
EndProject
Global
	GlobalSection(SolutionConfigurationPlatforms) = preSolution
		Debug|Any CPU = Debug|Any CPU
		Release|Any CPU = Release|Any CPU
	EndGlobalSection
	GlobalSection(ProjectConfigurationPlatforms) = postSolution
		{E76E3A9B-32DA-4CF4-806B-2CE41CEB6B94}.Debug|Any CPU.ActiveCfg = Debug|Any CPU
		{E76E3A9B-32DA-4CF4-806B-2CE41CEB6B94}.Debug|Any CPU.Build.0 = Debug|Any CPU
		{E76E3A9B-32DA-4CF4-806B-2CE41CEB6B94}.Release|Any CPU.ActiveCfg = Release|Any CPU
		{E76E3A9B-32DA-4CF4-806B-2CE41CEB6B94}.Release|Any CPU.Build.0 = Release|Any CPU
	EndGlobalSection
	GlobalSection(SolutionProperties) = preSolution
		HideSolutionNode = FALSE
	EndGlobalSection
	GlobalSection(ExtensibilityGlobals) = postSolution
		SolutionGuid = {814EA78C-9313-4BCE-9B09-1BF31DF63508}
	EndGlobalSection
EndGlobal
